
Microsoft Visual Studio Solution File, Format Version 12.00
# Visual Studio 2017
Project("{FAE04EC0-301F-11D3-BF4B-00C04F79EFBC}") = "GestureVRTK", "GestureVRTK.csproj", "{BFD28D49-6814-82D4-C5BE-91314C6FC522}"
EndProject
Project("{FAE04EC0-301F-11D3-BF4B-00C04F79EFBC}") = "GestureVRTK.Editor", "GestureVRTK.Editor.csproj", "{30896984-7326-B0ED-09ED-3692B86E7F22}"
EndProject
Global
	GlobalSection(SolutionConfigurationPlatforms) = preSolution
		Debug|Any CPU = Debug|Any CPU
		Release|Any CPU = Release|Any CPU
	EndGlobalSection
	GlobalSection(ProjectConfigurationPlatforms) = postSolution
		{BFD28D49-6814-82D4-C5BE-91314C6FC522}.Debug|Any CPU.ActiveCfg = Debug|Any CPU
		{BFD28D49-6814-82D4-C5BE-91314C6FC522}.Debug|Any CPU.Build.0 = Debug|Any CPU
		{BFD28D49-6814-82D4-C5BE-91314C6FC522}.Release|Any CPU.ActiveCfg = Release|Any CPU
		{BFD28D49-6814-82D4-C5BE-91314C6FC522}.Release|Any CPU.Build.0 = Release|Any CPU
		{30896984-7326-B0ED-09ED-3692B86E7F22}.Debug|Any CPU.ActiveCfg = Debug|Any CPU
		{30896984-7326-B0ED-09ED-3692B86E7F22}.Debug|Any CPU.Build.0 = Debug|Any CPU
		{30896984-7326-B0ED-09ED-3692B86E7F22}.Release|Any CPU.ActiveCfg = Release|Any CPU
		{30896984-7326-B0ED-09ED-3692B86E7F22}.Release|Any CPU.Build.0 = Release|Any CPU
	EndGlobalSection
	GlobalSection(SolutionProperties) = preSolution
		HideSolutionNode = FALSE
	EndGlobalSection
EndGlobal
